
Microsoft Visual Studio Solution File, Format Version 12.00
# Visual Studio 15
VisualStudioVersion = 15.0.28307.421
MinimumVisualStudioVersion = 10.0.40219.1
Project("{FAE04EC0-301F-11D3-BF4B-00C04F79EFBC}") = "Assiment5", "Assiment5\Assiment5.csproj", "{79F061AE-BA41-4AAD-8CC0-2D637184FB45}"
EndProject
Global
	GlobalSection(SolutionConfigurationPlatforms) = preSolution
		Debug|Any CPU = Debug|Any CPU
		Release|Any CPU = Release|Any CPU
	EndGlobalSection
	GlobalSection(ProjectConfigurationPlatforms) = postSolution
		{79F061AE-BA41-4AAD-8CC0-2D637184FB45}.Debug|Any CPU.ActiveCfg = Debug|Any CPU
		{79F061AE-BA41-4AAD-8CC0-2D637184FB45}.Debug|Any CPU.Build.0 = Debug|Any CPU
		{79F061AE-BA41-4AAD-8CC0-2D637184FB45}.Release|Any CPU.ActiveCfg = Release|Any CPU
		{79F061AE-BA41-4AAD-8CC0-2D637184FB45}.Release|Any CPU.Build.0 = Release|Any CPU
	EndGlobalSection
	GlobalSection(SolutionProperties) = preSolution
		HideSolutionNode = FALSE
	EndGlobalSection
	GlobalSection(ExtensibilityGlobals) = postSolution
		SolutionGuid = {A0D09D01-03AE-46DF-870A-65C9ECACC67A}
	EndGlobalSection
EndGlobal
